github.com/KustelR/jsondiff v0.0.0-20250429054044-0f6761329574 h1:cFMpmF3KOhXdEJ1S7NvHPaULlWs0dHYZt1ECRPzoMG4=
github.com/KustelR/jsondiff v0.0.0-20250429054044-0f6761329574/go.mod h1:rf5CFE/DXNlL7uIXBV756zExV454wtnWXWeTxEp5CA0=
github.com/joho/godotenv v1.5.1 h1:7eLL/+HRGLY0ldzfGMeQkb7vMd0as4CfYvUVzLqw0N0=
github.com/joho/godotenv v1.5.1/go.mod h1:f4LDr5Voq0i2e/R5DDNOoa2zzDfwtkZa6DnEwAbqwq4=
